// !$*UTF8*$!
{
	archiveVersion = 1;
	classes = {
	};
	objectVersion = 55;
	objects = {

/* Begin PBXBuildFile section */
		7B6AA1EF2889C77300209F40 /* usaHotlinesViewController.swift in Sources */ = {isa = PBXBuildFile; fileRef = 7B6AA1EE2889C77300209F40 /* usaHotlinesViewController.swift */; };
		7B6AA1F12889C78000209F40 /* canadaHotlinesViewController.swift in Sources */ = {isa = PBXBuildFile; fileRef = 7B6AA1F02889C78000209F40 /* canadaHotlinesViewController.swift */; };
		7B6AA1F32889CF9A00209F40 /* sunEmojiViewController.swift in Sources */ = {isa = PBXBuildFile; fileRef = 7B6AA1F22889CF9A00209F40 /* sunEmojiViewController.swift */; };
		7B6AA1F52889CFA500209F40 /* brainEmojiViewController.swift in Sources */ = {isa = PBXBuildFile; fileRef = 7B6AA1F42889CFA500209F40 /* brainEmojiViewController.swift */; };
		7B6AA1F72889CFB500209F40 /* musicEmojiViewController.swift in Sources */ = {isa = PBXBuildFile; fileRef = 7B6AA1F62889CFB500209F40 /* musicEmojiViewController.swift */; };
		7B6AA1F92889CFC000209F40 /* heartEmojiViewController.swift in Sources */ = {isa = PBXBuildFile; fileRef = 7B6AA1F82889CFC000209F40 /* heartEmojiViewController.swift */; };
		7B73EAC628888D900044097B /* AppDelegate.swift in Sources */ = {isa = PBXBuildFile; fileRef = 7B73EAC528888D900044097B /* AppDelegate.swift */; };
		7B73EAC828888D900044097B /* SceneDelegate.swift in Sources */ = {isa = PBXBuildFile; fileRef = 7B73EAC728888D900044097B /* SceneDelegate.swift */; };
		7B73EACA28888D900044097B /* ViewController.swift in Sources */ = {isa = PBXBuildFile; fileRef = 7B73EAC928888D900044097B /* ViewController.swift */; };
		7B73EACD28888D900044097B /* Main.storyboard in Resources */ = {isa = PBXBuildFile; fileRef = 7B73EACB28888D900044097B /* Main.storyboard */; };
		7B73EAD028888D900044097B /* Safe_Zone.xcdatamodeld in Sources */ = {isa = PBXBuildFile; fileRef = 7B73EACE28888D900044097B /* Safe_Zone.xcdatamodeld */; };
		7B73EAD228888D920044097B /* Assets.xcassets in Resources */ = {isa = PBXBuildFile; fileRef = 7B73EAD128888D920044097B /* Assets.xcassets */; };
		7B73EAD528888D920044097B /* LaunchScreen.storyboard in Resources */ = {isa = PBXBuildFile; fileRef = 7B73EAD328888D920044097B /* LaunchScreen.storyboard */; };
		7B73EAE528889D280044097B /* checkInViewController.swift in Sources */ = {isa = PBXBuildFile; fileRef = 7B73EAE428889D280044097B /* checkInViewController.swift */; };
		7B73EAE728889D360044097B /* informationViewController.swift in Sources */ = {isa = PBXBuildFile; fileRef = 7B73EAE628889D360044097B /* informationViewController.swift */; };
		7B73EAE928889D400044097B /* hotlinesViewController.swift in Sources */ = {isa = PBXBuildFile; fileRef = 7B73EAE828889D400044097B /* hotlinesViewController.swift */; };
		7B73EAEB28889D4E0044097B /* wordsofaffirmationViewController.swift in Sources */ = {isa = PBXBuildFile; fileRef = 7B73EAEA28889D4E0044097B /* wordsofaffirmationViewController.swift */; };
		7B73EAED28889D600044097B /* distractionsViewController.swift in Sources */ = {isa = PBXBuildFile; fileRef = 7B73EAEC28889D600044097B /* distractionsViewController.swift */; };
		7B73EAEF28889D6C0044097B /* learnMoreViewController.swift in Sources */ = {isa = PBXBuildFile; fileRef = 7B73EAEE28889D6C0044097B /* learnMoreViewController.swift */; };
		7B73EAF128889D790044097B /* anxietyViewController.swift in Sources */ = {isa = PBXBuildFile; fileRef = 7B73EAF028889D790044097B /* anxietyViewController.swift */; };
		7B73EAF328889D8B0044097B /* panicAttacksViewController.swift in Sources */ = {isa = PBXBuildFile; fileRef = 7B73EAF228889D8B0044097B /* panicAttacksViewController.swift */; };
		7D2EB7732888B3F900F2B198 /* ventViewController.swift in Sources */ = {isa = PBXBuildFile; fileRef = 7D2EB7722888B3F900F2B198 /* ventViewController.swift */; };
		7D3358032888ED8C001C4C6B /* homePageViewController.swift in Sources */ = {isa = PBXBuildFile; fileRef = 7D3358022888ED8C001C4C6B /* homePageViewController.swift */; };
/* End PBXBuildFile section */

/* Begin PBXFileReference section */
		7B6AA1EE2889C77300209F40 /* usaHotlinesViewController.swift */ = {isa = PBXFileReference; lastKnownFileType = sourcecode.swift; path = usaHotlinesViewController.swift; sourceTree = "<group>"; };
		7B6AA1F02889C78000209F40 /* canadaHotlinesViewController.swift */ = {isa = PBXFileReference; lastKnownFileType = sourcecode.swift; path = canadaHotlinesViewController.swift; sourceTree = "<group>"; };
		7B6AA1F22889CF9A00209F40 /* sunEmojiViewController.swift */ = {isa = PBXFileReference; lastKnownFileType = sourcecode.swift; path = sunEmojiViewController.swift; sourceTree = "<group>"; };
		7B6AA1F42889CFA500209F40 /* brainEmojiViewController.swift */ = {isa = PBXFileReference; lastKnownFileType = sourcecode.swift; path = brainEmojiViewController.swift; sourceTree = "<group>"; };
		7B6AA1F62889CFB500209F40 /* musicEmojiViewController.swift */ = {isa = PBXFileReference; lastKnownFileType = sourcecode.swift; path = musicEmojiViewController.swift; sourceTree = "<group>"; };
		7B6AA1F82889CFC000209F40 /* heartEmojiViewController.swift */ = {isa = PBXFileReference; lastKnownFileType = sourcecode.swift; path = heartEmojiViewController.swift; sourceTree = "<group>"; };
		7B73EAC228888D900044097B /* Safe Zone.app */ = {isa = PBXFileReference; explicitFileType = wrapper.application; includeInIndex = 0; path = "Safe Zone.app"; sourceTree = BUILT_PRODUCTS_DIR; };
		7B73EAC528888D900044097B /* AppDelegate.swift */ = {isa = PBXFileReference; lastKnownFileType = sourcecode.swift; path = AppDelegate.swift; sourceTree = "<group>"; };
		7B73EAC728888D900044097B /* SceneDelegate.swift */ = {isa = PBXFileReference; lastKnownFileType = sourcecode.swift; path = SceneDelegate.swift; sourceTree = "<group>"; };
		7B73EAC928888D900044097B /* ViewController.swift */ = {isa = PBXFileReference; lastKnownFileType = sourcecode.swift; path = ViewController.swift; sourceTree = "<group>"; };
		7B73EACC28888D900044097B /* Base */ = {isa = PBXFileReference; lastKnownFileType = file.storyboard; name = Base; path = Base.lproj/Main.storyboard; sourceTree = "<group>"; };
		7B73EACF28888D900044097B /* Safe_Zone.xcdatamodel */ = {isa = PBXFileReference; lastKnownFileType = wrapper.xcdatamodel; path = Safe_Zone.xcdatamodel; sourceTree = "<group>"; };
		7B73EAD128888D920044097B /* Assets.xcassets */ = {isa = PBXFileReference; lastKnownFileType = folder.assetcatalog; path = Assets.xcassets; sourceTree = "<group>"; };
		7B73EAD428888D920044097B /* Base */ = {isa = PBXFileReference; lastKnownFileType = file.storyboard; name = Base; path = Base.lproj/LaunchScreen.storyboard; sourceTree = "<group>"; };
		7B73EAD628888D920044097B /* Info.plist */ = {isa = PBXFileReference; lastKnownFileType = text.plist.xml; path = Info.plist; sourceTree = "<group>"; };
		7B73EAE428889D280044097B /* checkInViewController.swift */ = {isa = PBXFileReference; lastKnownFileType = sourcecode.swift; path = checkInViewController.swift; sourceTree = "<group>"; };
		7B73EAE628889D360044097B /* informationViewController.swift */ = {isa = PBXFileReference; lastKnownFileType = sourcecode.swift; path = informationViewController.swift; sourceTree = "<group>"; };
		7B73EAE828889D400044097B /* hotlinesViewController.swift */ = {isa = PBXFileReference; lastKnownFileType = sourcecode.swift; path = hotlinesViewController.swift; sourceTree = "<group>"; };
		7B73EAEA28889D4E0044097B /* wordsofaffirmationViewController.swift */ = {isa = PBXFileReference; lastKnownFileType = sourcecode.swift; path = wordsofaffirmationViewController.swift; sourceTree = "<group>"; };
		7B73EAEC28889D600044097B /* distractionsViewController.swift */ = {isa = PBXFileReference; lastKnownFileType = sourcecode.swift; path = distractionsViewController.swift; sourceTree = "<group>"; };
		7B73EAEE28889D6C0044097B /* learnMoreViewController.swift */ = {isa = PBXFileReference; lastKnownFileType = sourcecode.swift; path = learnMoreViewController.swift; sourceTree = "<group>"; };
		7B73EAF028889D790044097B /* anxietyViewController.swift */ = {isa = PBXFileReference; lastKnownFileType = sourcecode.swift; path = anxietyViewController.swift; sourceTree = "<group>"; };
		7B73EAF228889D8B0044097B /* panicAttacksViewController.swift */ = {isa = PBXFileReference; lastKnownFileType = sourcecode.swift; path = panicAttacksViewController.swift; sourceTree = "<group>"; };
		7D2EB7722888B3F900F2B198 /* ventViewController.swift */ = {isa = PBXFileReference; lastKnownFileType = sourcecode.swift; path = ventViewController.swift; sourceTree = "<group>"; };
		7D3358022888ED8C001C4C6B /* homePageViewController.swift */ = {isa = PBXFileReference; lastKnownFileType = sourcecode.swift; path = homePageViewController.swift; sourceTree = "<group>"; };
/* End PBXFileReference section */

/* Begin PBXFrameworksBuildPhase section */
		7B73EABF28888D900044097B /* Frameworks */ = {
			isa = PBXFrameworksBuildPhase;
			buildActionMask = 2147483647;
			files = (
			);
			runOnlyForDeploymentPostprocessing = 0;
		};
/* End PBXFrameworksBuildPhase section */

/* Begin PBXGroup section */
		7B73EAB928888D900044097B = {
			isa = PBXGroup;
			children = (
				7B73EAC428888D900044097B /* Safe Zone */,
				7B73EAC328888D900044097B /* Products */,
			);
			sourceTree = "<group>";
		};
		7B73EAC328888D900044097B /* Products */ = {
			isa = PBXGroup;
			children = (
				7B73EAC228888D900044097B /* Safe Zone.app */,
			);
			name = Products;
			sourceTree = "<group>";
		};
		7B73EAC428888D900044097B /* Safe Zone */ = {
			isa = PBXGroup;
			children = (
				7B73EAC528888D900044097B /* AppDelegate.swift */,
				7B73EAC728888D900044097B /* SceneDelegate.swift */,
				7B73EAC928888D900044097B /* ViewController.swift */,
				7B73EACB28888D900044097B /* Main.storyboard */,
				7B6AA1F22889CF9A00209F40 /* sunEmojiViewController.swift */,
				7B6AA1F42889CFA500209F40 /* brainEmojiViewController.swift */,
				7B6AA1F62889CFB500209F40 /* musicEmojiViewController.swift */,
				7B6AA1F82889CFC000209F40 /* heartEmojiViewController.swift */,
				7B6AA1EE2889C77300209F40 /* usaHotlinesViewController.swift */,
				7B6AA1F02889C78000209F40 /* canadaHotlinesViewController.swift */,
				7D3358022888ED8C001C4C6B /* homePageViewController.swift */,
				7D2EB7722888B3F900F2B198 /* ventViewController.swift */,
				7B73EAE428889D280044097B /* checkInViewController.swift */,
				7B73EAE628889D360044097B /* informationViewController.swift */,
				7B73EAE828889D400044097B /* hotlinesViewController.swift */,
				7B73EAEA28889D4E0044097B /* wordsofaffirmationViewController.swift */,
				7B73EAEC28889D600044097B /* distractionsViewController.swift */,
				7B73EAEE28889D6C0044097B /* learnMoreViewController.swift */,
				7B73EAF028889D790044097B /* anxietyViewController.swift */,
				7B73EAF228889D8B0044097B /* panicAttacksViewController.swift */,
				7B73EAD128888D920044097B /* Assets.xcassets */,
				7B73EAD328888D920044097B /* LaunchScreen.storyboard */,
				7B73EAD628888D920044097B /* Info.plist */,
				7B73EACE28888D900044097B /* Safe_Zone.xcdatamodeld */,
			);
			path = "Safe Zone";
			sourceTree = "<group>";
		};
/* End PBXGroup section */

/* Begin PBXNativeTarget section */
		7B73EAC128888D900044097B /* Safe Zone */ = {
			isa = PBXNativeTarget;
			buildConfigurationList = 7B73EAD928888D920044097B /* Build configuration list for PBXNativeTarget "Safe Zone" */;
			buildPhases = (
				7B73EABE28888D900044097B /* Sources */,
				7B73EABF28888D900044097B /* Frameworks */,
				7B73EAC028888D900044097B /* Resources */,
			);
			buildRules = (
			);
			dependencies = (
			);
			name = "Safe Zone";
			productName = "Safe Zone";
			productReference = 7B73EAC228888D900044097B /* Safe Zone.app */;
			productType = "com.apple.product-type.application";
		};
/* End PBXNativeTarget section */

/* Begin PBXProject section */
		7B73EABA28888D900044097B /* Project object */ = {
			isa = PBXProject;
			attributes = {
				BuildIndependentTargetsInParallel = 1;
				LastSwiftUpdateCheck = 1340;
				LastUpgradeCheck = 1340;
				TargetAttributes = {
					7B73EAC128888D900044097B = {
						CreatedOnToolsVersion = 13.4.1;
					};
				};
			};
			buildConfigurationList = 7B73EABD28888D900044097B /* Build configuration list for PBXProject "Safe Zone" */;
			compatibilityVersion = "Xcode 13.0";
			developmentRegion = en;
			hasScannedForEncodings = 0;
			knownRegions = (
				en,
				Base,
			);
			mainGroup = 7B73EAB928888D900044097B;
			productRefGroup = 7B73EAC328888D900044097B /* Products */;
			projectDirPath = "";
			projectRoot = "";
			targets = (
				7B73EAC128888D900044097B /* Safe Zone */,
			);
		};
/* End PBXProject section */

/* Begin PBXResourcesBuildPhase section */
		7B73EAC028888D900044097B /* Resources */ = {
			isa = PBXResourcesBuildPhase;
			buildActionMask = 2147483647;
			files = (
				7B73EAD528888D920044097B /* LaunchScreen.storyboard in Resources */,
				7B73EAD228888D920044097B /* Assets.xcassets in Resources */,
				7B73EACD28888D900044097B /* Main.storyboard in Resources */,
			);
			runOnlyForDeploymentPostprocessing = 0;
		};
/* End PBXResourcesBuildPhase section */

/* Begin PBXSourcesBuildPhase section */
		7B73EABE28888D900044097B /* Sources */ = {
			isa = PBXSourcesBuildPhase;
			buildActionMask = 2147483647;
			files = (
				7D3358032888ED8C001C4C6B /* homePageViewController.swift in Sources */,
				7B73EAD028888D900044097B /* Safe_Zone.xcdatamodeld in Sources */,
				7B6AA1F12889C78000209F40 /* canadaHotlinesViewController.swift in Sources */,
				7B6AA1F32889CF9A00209F40 /* sunEmojiViewController.swift in Sources */,
				7B73EAE528889D280044097B /* checkInViewController.swift in Sources */,
				7B6AA1F72889CFB500209F40 /* musicEmojiViewController.swift in Sources */,
				7B73EACA28888D900044097B /* ViewController.swift in Sources */,
				7B73EAC628888D900044097B /* AppDelegate.swift in Sources */,
				7B6AA1F92889CFC000209F40 /* heartEmojiViewController.swift in Sources */,
				7B73EAF328889D8B0044097B /* panicAttacksViewController.swift in Sources */,
				7B73EAEF28889D6C0044097B /* learnMoreViewController.swift in Sources */,
				7B73EAEB28889D4E0044097B /* wordsofaffirmationViewController.swift in Sources */,
				7D2EB7732888B3F900F2B198 /* ventViewController.swift in Sources */,
				7B73EAC828888D900044097B /* SceneDelegate.swift in Sources */,
				7B73EAF128889D790044097B /* anxietyViewController.swift in Sources */,
				7B73EAED28889D600044097B /* distractionsViewController.swift in Sources */,
				7B6AA1EF2889C77300209F40 /* usaHotlinesViewController.swift in Sources */,
				7B73EAE728889D360044097B /* informationViewController.swift in Sources */,
				7B6AA1F52889CFA500209F40 /* brainEmojiViewController.swift in Sources */,
				7B73EAE928889D400044097B /* hotlinesViewController.swift in Sources */,
			);
			runOnlyForDeploymentPostprocessing = 0;
		};
/* End PBXSourcesBuildPhase section */

/* Begin PBXVariantGroup section */
		7B73EACB28888D900044097B /* Main.storyboard */ = {
			isa = PBXVariantGroup;
			children = (
				7B73EACC28888D900044097B /* Base */,
			);
			name = Main.storyboard;
			sourceTree = "<group>";
		};
		7B73EAD328888D920044097B /* LaunchScreen.storyboard */ = {
			isa = PBXVariantGroup;
			children = (
				7B73EAD428888D920044097B /* Base */,
			);
			name = LaunchScreen.storyboard;
			sourceTree = "<group>";
		};
/* End PBXVariantGroup section */

/* Begin XCBuildConfiguration section */
		7B73EAD728888D920044097B /* Debug */ = {
			isa = XCBuildConfiguration;
			buildSettings = {
				ALWAYS_SEARCH_USER_PATHS = NO;
				CLANG_ANALYZER_NONNULL = YES;
				CLANG_ANALYZER_NUMBER_OBJECT_CONVERSION = YES_AGGRESSIVE;
				CLANG_CXX_LANGUAGE_STANDARD = "gnu++17";
				CLANG_ENABLE_MODULES = YES;
				CLANG_ENABLE_OBJC_ARC = YES;
				CLANG_ENABLE_OBJC_WEAK = YES;
				CLANG_WARN_BLOCK_CAPTURE_AUTORELEASING = YES;
				CLANG_WARN_BOOL_CONVERSION = YES;
				CLANG_WARN_COMMA = YES;
				CLANG_WARN_CONSTANT_CONVERSION = YES;
				CLANG_WARN_DEPRECATED_OBJC_IMPLEMENTATIONS = YES;
				CLANG_WARN_DIRECT_OBJC_ISA_USAGE = YES_ERROR;
				CLANG_WARN_DOCUMENTATION_COMMENTS = YES;
				CLANG_WARN_EMPTY_BODY = YES;
				CLANG_WARN_ENUM_CONVERSION = YES;
				CLANG_WARN_INFINITE_RECURSION = YES;
				CLANG_WARN_INT_CONVERSION = YES;
				CLANG_WARN_NON_LITERAL_NULL_CONVERSION = YES;
				CLANG_WARN_OBJC_IMPLICIT_RETAIN_SELF = YES;
				CLANG_WARN_OBJC_LITERAL_CONVERSION = YES;
				CLANG_WARN_OBJC_ROOT_CLASS = YES_ERROR;
				CLANG_WARN_QUOTED_INCLUDE_IN_FRAMEWORK_HEADER = YES;
				CLANG_WARN_RANGE_LOOP_ANALYSIS = YES;
				CLANG_WARN_STRICT_PROTOTYPES = YES;
				CLANG_WARN_SUSPICIOUS_MOVE = YES;
				CLANG_WARN_UNGUARDED_AVAILABILITY = YES_AGGRESSIVE;
				CLANG_WARN_UNREACHABLE_CODE = YES;
				CLANG_WARN__DUPLICATE_METHOD_MATCH = YES;
				COPY_PHASE_STRIP = NO;
				DEBUG_INFORMATION_FORMAT = dwarf;
				ENABLE_STRICT_OBJC_MSGSEND = YES;
				ENABLE_TESTABILITY = YES;
				GCC_C_LANGUAGE_STANDARD = gnu11;
				GCC_DYNAMIC_NO_PIC = NO;
				GCC_NO_COMMON_BLOCKS = YES;
				GCC_OPTIMIZATION_LEVEL = 0;
				GCC_PREPROCESSOR_DEFINITIONS = (
					"DEBUG=1",
					"$(inherited)",
				);
				GCC_WARN_64_TO_32_BIT_CONVERSION = YES;
				GCC_WARN_ABOUT_RETURN_TYPE = YES_ERROR;
				GCC_WARN_UNDECLARED_SELECTOR = YES;
				GCC_WARN_UNINITIALIZED_AUTOS = YES_AGGRESSIVE;
				GCC_WARN_UNUSED_FUNCTION = YES;
				GCC_WARN_UNUSED_VARIABLE = YES;
				IPHONEOS_DEPLOYMENT_TARGET = 15.5;
				MTL_ENABLE_DEBUG_INFO = INCLUDE_SOURCE;
				MTL_FAST_MATH = YES;
				ONLY_ACTIVE_ARCH = YES;
				SDKROOT = iphoneos;
				SWIFT_ACTIVE_COMPILATION_CONDITIONS = DEBUG;
				SWIFT_OPTIMIZATION_LEVEL = "-Onone";
			};
			name = Debug;
		};
		7B73EAD828888D920044097B /* Release */ = {
			isa = XCBuildConfiguration;
			buildSettings = {
				ALWAYS_SEARCH_USER_PATHS = NO;
				CLANG_ANALYZER_NONNULL = YES;
				CLANG_ANALYZER_NUMBER_OBJECT_CONVERSION = YES_AGGRESSIVE;
				CLANG_CXX_LANGUAGE_STANDARD = "gnu++17";
				CLANG_ENABLE_MODULES = YES;
				CLANG_ENABLE_OBJC_ARC = YES;
				CLANG_ENABLE_OBJC_WEAK = YES;
				CLANG_WARN_BLOCK_CAPTURE_AUTORELEASING = YES;
				CLANG_WARN_BOOL_CONVERSION = YES;
				CLANG_WARN_COMMA = YES;
				CLANG_WARN_CONSTANT_CONVERSION = YES;
				CLANG_WARN_DEPRECATED_OBJC_IMPLEMENTATIONS = YES;
				CLANG_WARN_DIRECT_OBJC_ISA_USAGE = YES_ERROR;
				CLANG_WARN_DOCUMENTATION_COMMENTS = YES;
				CLANG_WARN_EMPTY_BODY = YES;
				CLANG_WARN_ENUM_CONVERSION = YES;
				CLANG_WARN_INFINITE_RECURSION = YES;
				CLANG_WARN_INT_CONVERSION = YES;
				CLANG_WARN_NON_LITERAL_NULL_CONVERSION = YES;
				CLANG_WARN_OBJC_IMPLICIT_RETAIN_SELF = YES;
				CLANG_WARN_OBJC_LITERAL_CONVERSION = YES;
				CLANG_WARN_OBJC_ROOT_CLASS = YES_ERROR;
				CLANG_WARN_QUOTED_INCLUDE_IN_FRAMEWORK_HEADER = YES;
				CLANG_WARN_RANGE_LOOP_ANALYSIS = YES;
				CLANG_WARN_STRICT_PROTOTYPES = YES;
				CLANG_WARN_SUSPICIOUS_MOVE = YES;
				CLANG_WARN_UNGUARDED_AVAILABILITY = YES_AGGRESSIVE;
				CLANG_WARN_UNREACHABLE_CODE = YES;
				CLANG_WARN__DUPLICATE_METHOD_MATCH = YES;
				COPY_PHASE_STRIP = NO;
				DEBUG_INFORMATION_FORMAT = "dwarf-with-dsym";
				ENABLE_NS_ASSERTIONS = NO;
				ENABLE_STRICT_OBJC_MSGSEND = YES;
				GCC_C_LANGUAGE_STANDARD = gnu11;
				GCC_NO_COMMON_BLOCKS = YES;
				GCC_WARN_64_TO_32_BIT_CONVERSION = YES;
				GCC_WARN_ABOUT_RETURN_TYPE = YES_ERROR;
				GCC_WARN_UNDECLARED_SELECTOR = YES;
				GCC_WARN_UNINITIALIZED_AUTOS = YES_AGGRESSIVE;
				GCC_WARN_UNUSED_FUNCTION = YES;
				GCC_WARN_UNUSED_VARIABLE = YES;
				IPHONEOS_DEPLOYMENT_TARGET = 15.5;
				MTL_ENABLE_DEBUG_INFO = NO;
				MTL_FAST_MATH = YES;
				SDKROOT = iphoneos;
				SWIFT_COMPILATION_MODE = wholemodule;
				SWIFT_OPTIMIZATION_LEVEL = "-O";
				VALIDATE_PRODUCT = YES;
			};
			name = Release;
		};
		7B73EADA28888D920044097B /* Debug */ = {
			isa = XCBuildConfiguration;
			buildSettings = {
				ASSETCATALOG_COMPILER_APPICON_NAME = AppIcon;
				ASSETCATALOG_COMPILER_GLOBAL_ACCENT_COLOR_NAME = AccentColor;
				CODE_SIGN_STYLE = Automatic;
				CURRENT_PROJECT_VERSION = 1;
				DEVELOPMENT_TEAM = BX24B2WBNJ;
				GENERATE_INFOPLIST_FILE = YES;
				INFOPLIST_FILE = "Safe Zone/Info.plist";
				INFOPLIST_KEY_UIApplicationSupportsIndirectInputEvents = YES;
				INFOPLIST_KEY_UILaunchStoryboardName = LaunchScreen;
				INFOPLIST_KEY_UIMainStoryboardFile = Main;
				INFOPLIST_KEY_UISupportedInterfaceOrientations_iPad = "UIInterfaceOrientationPortrait UIInterfaceOrientationPortraitUpsideDown UIInterfaceOrientationLandscapeLeft UIInterfaceOrientationLandscapeRight";
				INFOPLIST_KEY_UISupportedInterfaceOrientations_iPhone = "UIInterfaceOrientationPortrait UIInterfaceOrientationLandscapeLeft UIInterfaceOrientationLandscapeRight";
				LD_RUNPATH_SEARCH_PATHS = (
					"$(inherited)",
					"@executable_path/Frameworks",
				);
				MARKETING_VERSION = 1.0;
				PRODUCT_BUNDLE_IDENTIFIER = "kwk.Safe-Zone";
				PRODUCT_NAME = "$(TARGET_NAME)";
				SWIFT_EMIT_LOC_STRINGS = YES;
				SWIFT_VERSION = 5.0;
				TARGETED_DEVICE_FAMILY = "1,2";
			};
			name = Debug;
		};
		7B73EADB28888D920044097B /* Release */ = {
			isa = XCBuildConfiguration;
			buildSettings = {
				ASSETCATALOG_COMPILER_APPICON_NAME = AppIcon;
				ASSETCATALOG_COMPILER_GLOBAL_ACCENT_COLOR_NAME = AccentColor;
				CODE_SIGN_STYLE = Automatic;
				CURRENT_PROJECT_VERSION = 1;
				DEVELOPMENT_TEAM = BX24B2WBNJ;
				GENERATE_INFOPLIST_FILE = YES;
				INFOPLIST_FILE = "Safe Zone/Info.plist";
				INFOPLIST_KEY_UIApplicationSupportsIndirectInputEvents = YES;
				INFOPLIST_KEY_UILaunchStoryboardName = LaunchScreen;
				INFOPLIST_KEY_UIMainStoryboardFile = Main;
				INFOPLIST_KEY_UISupportedInterfaceOrientations_iPad = "UIInterfaceOrientationPortrait UIInterfaceOrientationPortraitUpsideDown UIInterfaceOrientationLandscapeLeft UIInterfaceOrientationLandscapeRight";
				INFOPLIST_KEY_UISupportedInterfaceOrientations_iPhone = "UIInterfaceOrientationPortrait UIInterfaceOrientationLandscapeLeft UIInterfaceOrientationLandscapeRight";
				LD_RUNPATH_SEARCH_PATHS = (
					"$(inherited)",
					"@executable_path/Frameworks",
				);
				MARKETING_VERSION = 1.0;
				PRODUCT_BUNDLE_IDENTIFIER = "kwk.Safe-Zone";
				PRODUCT_NAME = "$(TARGET_NAME)";
				SWIFT_EMIT_LOC_STRINGS = YES;
				SWIFT_VERSION = 5.0;
				TARGETED_DEVICE_FAMILY = "1,2";
			};
			name = Release;
		};
/* End XCBuildConfiguration section */

/* Begin XCConfigurationList section */
		7B73EABD28888D900044097B /* Build configuration list for PBXProject "Safe Zone" */ = {
			isa = XCConfigurationList;
			buildConfigurations = (
				7B73EAD728888D920044097B /* Debug */,
				7B73EAD828888D920044097B /* Release */,
			);
			defaultConfigurationIsVisible = 0;
			defaultConfigurationName = Release;
		};
		7B73EAD928888D920044097B /* Build configuration list for PBXNativeTarget "Safe Zone" */ = {
			isa = XCConfigurationList;
			buildConfigurations = (
				7B73EADA28888D920044097B /* Debug */,
				7B73EADB28888D920044097B /* Release */,
			);
			defaultConfigurationIsVisible = 0;
			defaultConfigurationName = Release;
		};
/* End XCConfigurationList section */

/* Begin XCVersionGroup section */
		7B73EACE28888D900044097B /* Safe_Zone.xcdatamodeld */ = {
			isa = XCVersionGroup;
			children = (
				7B73EACF28888D900044097B /* Safe_Zone.xcdatamodel */,
			);
			currentVersion = 7B73EACF28888D900044097B /* Safe_Zone.xcdatamodel */;
			path = Safe_Zone.xcdatamodeld;
			sourceTree = "<group>";
			versionGroupType = wrapper.xcdatamodel;
		};
/* End XCVersionGroup section */
	};
	rootObject = 7B73EABA28888D900044097B /* Project object */;
}
